// !$*UTF8*$!
{
	archiveVersion = 1;
	classes = {
	};
	objectVersion = 51;
	objects = {

/* Begin PBXBuildFile section */
		41072E672709E8150052784E /* MovieApi.swift in Sources */ = {isa = PBXBuildFile; fileRef = 41072E662709E8150052784E /* MovieApi.swift */; };
		41072E6B270B6BE10052784E /* UserDTO.swift in Sources */ = {isa = PBXBuildFile; fileRef = 41072E6A270B6BE10052784E /* UserDTO.swift */; };
		41072E6D270B73060052784E /* GroupDTO.swift in Sources */ = {isa = PBXBuildFile; fileRef = 41072E6C270B73060052784E /* GroupDTO.swift */; };
		41AC69BE2701B635003D18E1 /* Styles.swift in Sources */ = {isa = PBXBuildFile; fileRef = 41AC69BD2701B635003D18E1 /* Styles.swift */; };
		41AC69C027027A66003D18E1 /* ViewRouter.swift in Sources */ = {isa = PBXBuildFile; fileRef = 41AC69BF27027A66003D18E1 /* ViewRouter.swift */; };
		41AC69C22702FEDB003D18E1 /* TabView.swift in Sources */ = {isa = PBXBuildFile; fileRef = 41AC69C12702FEDB003D18E1 /* TabView.swift */; };
		41AC69C927033A4B003D18E1 /* MovieMatcher.xcdatamodeld in Sources */ = {isa = PBXBuildFile; fileRef = 41AC69C727033A4B003D18E1 /* MovieMatcher.xcdatamodeld */; };
		41AC69CB27034005003D18E1 /* Persistence.swift in Sources */ = {isa = PBXBuildFile; fileRef = 41AC69CA27034005003D18E1 /* Persistence.swift */; };
		41AC69CF27048058003D18E1 /* MediaGridItem.swift in Sources */ = {isa = PBXBuildFile; fileRef = 41AC69CE27048058003D18E1 /* MediaGridItem.swift */; };
		41AC69D127048954003D18E1 /* RemoteImage.swift in Sources */ = {isa = PBXBuildFile; fileRef = 41AC69D027048954003D18E1 /* RemoteImage.swift */; };
		41AC69D32705BAF1003D18E1 /* GridItemPlaceholder.swift in Sources */ = {isa = PBXBuildFile; fileRef = 41AC69D22705BAF1003D18E1 /* GridItemPlaceholder.swift */; };
		41AC69D72705EC1F003D18E1 /* Podfile in Resources */ = {isa = PBXBuildFile; fileRef = 41AC69D62705EC1F003D18E1 /* Podfile */; };
		7606EABC26FDC30F00F83414 /* MovieMatcherApp.swift in Sources */ = {isa = PBXBuildFile; fileRef = 7606EABB26FDC30F00F83414 /* MovieMatcherApp.swift */; };
		7606EABE26FDC30F00F83414 /* ContentView.swift in Sources */ = {isa = PBXBuildFile; fileRef = 7606EABD26FDC30F00F83414 /* ContentView.swift */; };
		7606EAC026FDC30F00F83414 /* Assets.xcassets in Resources */ = {isa = PBXBuildFile; fileRef = 7606EABF26FDC30F00F83414 /* Assets.xcassets */; };
		7606EAC326FDC30F00F83414 /* Preview Assets.xcassets in Resources */ = {isa = PBXBuildFile; fileRef = 7606EAC226FDC30F00F83414 /* Preview Assets.xcassets */; };
		7606EACE26FDC30F00F83414 /* MovieMatcherTests.swift in Sources */ = {isa = PBXBuildFile; fileRef = 7606EACD26FDC30F00F83414 /* MovieMatcherTests.swift */; };
		7606EAD926FDC31000F83414 /* MovieMatcherUITests.swift in Sources */ = {isa = PBXBuildFile; fileRef = 7606EAD826FDC31000F83414 /* MovieMatcherUITests.swift */; };
		7606EAEC26FDC58400F83414 /* RecommendedView.swift in Sources */ = {isa = PBXBuildFile; fileRef = 7606EAEB26FDC58400F83414 /* RecommendedView.swift */; };
		7606EAEE26FDC68500F83414 /* SearchView.swift in Sources */ = {isa = PBXBuildFile; fileRef = 7606EAED26FDC68500F83414 /* SearchView.swift */; };
		7606EAF026FDC69400F83414 /* MatchView.swift in Sources */ = {isa = PBXBuildFile; fileRef = 7606EAEF26FDC69400F83414 /* MatchView.swift */; };
		7606EAF226FDC69F00F83414 /* WatchedView.swift in Sources */ = {isa = PBXBuildFile; fileRef = 7606EAF126FDC69F00F83414 /* WatchedView.swift */; };
		7606EAF426FDC6C900F83414 /* SelectionView.swift in Sources */ = {isa = PBXBuildFile; fileRef = 7606EAF326FDC6C900F83414 /* SelectionView.swift */; };
		7606EAF626FDD10600F83414 /* LoginView.swift in Sources */ = {isa = PBXBuildFile; fileRef = 7606EAF526FDD10600F83414 /* LoginView.swift */; };
		7606EAF826FDD12000F83414 /* ItemDetailView.swift in Sources */ = {isa = PBXBuildFile; fileRef = 7606EAF726FDD12000F83414 /* ItemDetailView.swift */; };
		7606EAFA26FDD1A600F83414 /* CreateEventView.swift in Sources */ = {isa = PBXBuildFile; fileRef = 7606EAF926FDD1A600F83414 /* CreateEventView.swift */; };
		767CE46E27030D6C005AEA65 /* MovieAPI.swift in Sources */ = {isa = PBXBuildFile; fileRef = 767CE46D27030D6C005AEA65 /* MovieAPI.swift */; };
		767CE47027030DEE005AEA65 /* .gitignore in Resources */ = {isa = PBXBuildFile; fileRef = 767CE46F27030DEE005AEA65 /* .gitignore */; };
		AF277C0E742F8C4FF61E69CD /* Pods_MovieMatcherTests.framework in Frameworks */ = {isa = PBXBuildFile; fileRef = D25F4B8D91456F932B9C9D17 /* Pods_MovieMatcherTests.framework */; };
		D184577D44A455B912449FF7 /* Pods_MovieMatcher.framework in Frameworks */ = {isa = PBXBuildFile; fileRef = 85612308409E64CC823D0510 /* Pods_MovieMatcher.framework */; };
		DAC26831AE68FD0CF562A758 /* Pods_MovieMatcher_MovieMatcherUITests.framework in Frameworks */ = {isa = PBXBuildFile; fileRef = 58AEF9F22A0B53A659ED6F4B /* Pods_MovieMatcher_MovieMatcherUITests.framework */; };
/* End PBXBuildFile section */

/* Begin PBXContainerItemProxy section */
		7606EACA26FDC30F00F83414 /* PBXContainerItemProxy */ = {
			isa = PBXContainerItemProxy;
			containerPortal = 7606EAB026FDC30F00F83414 /* Project object */;
			proxyType = 1;
			remoteGlobalIDString = 7606EAB726FDC30F00F83414;
			remoteInfo = MovieMatcher;
		};
		7606EAD526FDC31000F83414 /* PBXContainerItemProxy */ = {
			isa = PBXContainerItemProxy;
			containerPortal = 7606EAB026FDC30F00F83414 /* Project object */;
			proxyType = 1;
			remoteGlobalIDString = 7606EAB726FDC30F00F83414;
			remoteInfo = MovieMatcher;
		};
/* End PBXContainerItemProxy section */

/* Begin PBXFileReference section */
		09184AE60BD625DFE289CABB /* Pods-MovieMatcherTests.release.xcconfig */ = {isa = PBXFileReference; includeInIndex = 1; lastKnownFileType = text.xcconfig; name = "Pods-MovieMatcherTests.release.xcconfig"; path = "Target Support Files/Pods-MovieMatcherTests/Pods-MovieMatcherTests.release.xcconfig"; sourceTree = "<group>"; };
		163FA573A37062482462586F /* Pods-MovieMatcher-MovieMatcherUITests.release.xcconfig */ = {isa = PBXFileReference; includeInIndex = 1; lastKnownFileType = text.xcconfig; name = "Pods-MovieMatcher-MovieMatcherUITests.release.xcconfig"; path = "Target Support Files/Pods-MovieMatcher-MovieMatcherUITests/Pods-MovieMatcher-MovieMatcherUITests.release.xcconfig"; sourceTree = "<group>"; };
		41072E662709E8150052784E /* MovieApi.swift */ = {isa = PBXFileReference; lastKnownFileType = sourcecode.swift; path = MovieApi.swift; sourceTree = "<group>"; };
		41072E6A270B6BE10052784E /* UserDTO.swift */ = {isa = PBXFileReference; lastKnownFileType = sourcecode.swift; path = UserDTO.swift; sourceTree = "<group>"; };
		41072E6C270B73060052784E /* GroupDTO.swift */ = {isa = PBXFileReference; lastKnownFileType = sourcecode.swift; path = GroupDTO.swift; sourceTree = "<group>"; };
		41AC69BD2701B635003D18E1 /* Styles.swift */ = {isa = PBXFileReference; lastKnownFileType = sourcecode.swift; path = Styles.swift; sourceTree = SOURCE_ROOT; };
		41AC69BF27027A66003D18E1 /* ViewRouter.swift */ = {isa = PBXFileReference; lastKnownFileType = sourcecode.swift; path = ViewRouter.swift; sourceTree = "<group>"; };
		41AC69C12702FEDB003D18E1 /* TabView.swift */ = {isa = PBXFileReference; lastKnownFileType = sourcecode.swift; name = TabView.swift; path = MovieMatcher/TabView.swift; sourceTree = SOURCE_ROOT; };
		41AC69C327031974003D18E1 /* Config.xcconfig */ = {isa = PBXFileReference; lastKnownFileType = text.xcconfig; path = Config.xcconfig; sourceTree = "<group>"; };
		41AC69C827033A4B003D18E1 /* MediaItem.xcdatamodel */ = {isa = PBXFileReference; lastKnownFileType = wrapper.xcdatamodel; path = MediaItem.xcdatamodel; sourceTree = "<group>"; };
		41AC69CA27034005003D18E1 /* Persistence.swift */ = {isa = PBXFileReference; lastKnownFileType = sourcecode.swift; path = Persistence.swift; sourceTree = "<group>"; };
		41AC69CE27048058003D18E1 /* MediaGridItem.swift */ = {isa = PBXFileReference; lastKnownFileType = sourcecode.swift; name = MediaGridItem.swift; path = MovieMatcher/MediaGridItem.swift; sourceTree = SOURCE_ROOT; };
		41AC69D027048954003D18E1 /* RemoteImage.swift */ = {isa = PBXFileReference; lastKnownFileType = sourcecode.swift; name = RemoteImage.swift; path = MovieMatcher/RemoteImage.swift; sourceTree = SOURCE_ROOT; };
		41AC69D22705BAF1003D18E1 /* GridItemPlaceholder.swift */ = {isa = PBXFileReference; lastKnownFileType = sourcecode.swift; name = GridItemPlaceholder.swift; path = MovieMatcher/GridItemPlaceholder.swift; sourceTree = SOURCE_ROOT; };
		41AC69D62705EC1F003D18E1 /* Podfile */ = {isa = PBXFileReference; fileEncoding = 4; lastKnownFileType = text; path = Podfile; sourceTree = "<group>"; xcLanguageSpecificationIdentifier = xcode.lang.ruby; };
		58AEF9F22A0B53A659ED6F4B /* Pods_MovieMatcher_MovieMatcherUITests.framework */ = {isa = PBXFileReference; explicitFileType = wrapper.framework; includeInIndex = 0; path = Pods_MovieMatcher_MovieMatcherUITests.framework; sourceTree = BUILT_PRODUCTS_DIR; };
		7606EAB826FDC30F00F83414 /* MovieMatcher.app */ = {isa = PBXFileReference; explicitFileType = wrapper.application; includeInIndex = 0; path = MovieMatcher.app; sourceTree = BUILT_PRODUCTS_DIR; };
		7606EABB26FDC30F00F83414 /* MovieMatcherApp.swift */ = {isa = PBXFileReference; lastKnownFileType = sourcecode.swift; path = MovieMatcherApp.swift; sourceTree = "<group>"; };
		7606EABD26FDC30F00F83414 /* ContentView.swift */ = {isa = PBXFileReference; lastKnownFileType = sourcecode.swift; path = ContentView.swift; sourceTree = "<group>"; };
		7606EABF26FDC30F00F83414 /* Assets.xcassets */ = {isa = PBXFileReference; lastKnownFileType = folder.assetcatalog; path = Assets.xcassets; sourceTree = "<group>"; };
		7606EAC226FDC30F00F83414 /* Preview Assets.xcassets */ = {isa = PBXFileReference; lastKnownFileType = folder.assetcatalog; path = "Preview Assets.xcassets"; sourceTree = "<group>"; };
		7606EAC426FDC30F00F83414 /* Info.plist */ = {isa = PBXFileReference; lastKnownFileType = text.plist.xml; path = Info.plist; sourceTree = "<group>"; };
		7606EAC926FDC30F00F83414 /* MovieMatcherTests.xctest */ = {isa = PBXFileReference; explicitFileType = wrapper.cfbundle; includeInIndex = 0; path = MovieMatcherTests.xctest; sourceTree = BUILT_PRODUCTS_DIR; };
		7606EACD26FDC30F00F83414 /* MovieMatcherTests.swift */ = {isa = PBXFileReference; lastKnownFileType = sourcecode.swift; path = MovieMatcherTests.swift; sourceTree = "<group>"; };
		7606EACF26FDC30F00F83414 /* Info.plist */ = {isa = PBXFileReference; lastKnownFileType = text.plist.xml; path = Info.plist; sourceTree = "<group>"; };
		7606EAD426FDC31000F83414 /* MovieMatcherUITests.xctest */ = {isa = PBXFileReference; explicitFileType = wrapper.cfbundle; includeInIndex = 0; path = MovieMatcherUITests.xctest; sourceTree = BUILT_PRODUCTS_DIR; };
		7606EAD826FDC31000F83414 /* MovieMatcherUITests.swift */ = {isa = PBXFileReference; lastKnownFileType = sourcecode.swift; path = MovieMatcherUITests.swift; sourceTree = "<group>"; };
		7606EADA26FDC31000F83414 /* Info.plist */ = {isa = PBXFileReference; lastKnownFileType = text.plist.xml; path = Info.plist; sourceTree = "<group>"; };
		7606EAEB26FDC58400F83414 /* RecommendedView.swift */ = {isa = PBXFileReference; lastKnownFileType = sourcecode.swift; path = RecommendedView.swift; sourceTree = "<group>"; };
		7606EAED26FDC68500F83414 /* SearchView.swift */ = {isa = PBXFileReference; lastKnownFileType = sourcecode.swift; path = SearchView.swift; sourceTree = "<group>"; };
		7606EAEF26FDC69400F83414 /* MatchView.swift */ = {isa = PBXFileReference; lastKnownFileType = sourcecode.swift; path = MatchView.swift; sourceTree = "<group>"; };
		7606EAF126FDC69F00F83414 /* WatchedView.swift */ = {isa = PBXFileReference; lastKnownFileType = sourcecode.swift; path = WatchedView.swift; sourceTree = "<group>"; };
		7606EAF326FDC6C900F83414 /* SelectionView.swift */ = {isa = PBXFileReference; lastKnownFileType = sourcecode.swift; path = SelectionView.swift; sourceTree = "<group>"; };
		7606EAF526FDD10600F83414 /* LoginView.swift */ = {isa = PBXFileReference; lastKnownFileType = sourcecode.swift; path = LoginView.swift; sourceTree = "<group>"; };
		7606EAF726FDD12000F83414 /* ItemDetailView.swift */ = {isa = PBXFileReference; lastKnownFileType = sourcecode.swift; path = ItemDetailView.swift; sourceTree = "<group>"; };
		7606EAF926FDD1A600F83414 /* CreateEventView.swift */ = {isa = PBXFileReference; lastKnownFileType = sourcecode.swift; path = CreateEventView.swift; sourceTree = "<group>"; };
		767CE46D27030D6C005AEA65 /* MovieAPI.swift */ = {isa = PBXFileReference; fileEncoding = 4; lastKnownFileType = sourcecode.swift; path = MovieAPI.swift; sourceTree = "<group>"; };
		767CE46F27030DEE005AEA65 /* .gitignore */ = {isa = PBXFileReference; lastKnownFileType = text; path = .gitignore; sourceTree = "<group>"; };
		834F0B0988C60ACC3A5CEEC6 /* Pods-MovieMatcherTests.debug.xcconfig */ = {isa = PBXFileReference; includeInIndex = 1; lastKnownFileType = text.xcconfig; name = "Pods-MovieMatcherTests.debug.xcconfig"; path = "Target Support Files/Pods-MovieMatcherTests/Pods-MovieMatcherTests.debug.xcconfig"; sourceTree = "<group>"; };
		85612308409E64CC823D0510 /* Pods_MovieMatcher.framework */ = {isa = PBXFileReference; explicitFileType = wrapper.framework; includeInIndex = 0; path = Pods_MovieMatcher.framework; sourceTree = BUILT_PRODUCTS_DIR; };
		92C4AEF29C75ED81CE8062DE /* Pods-MovieMatcher.debug.xcconfig */ = {isa = PBXFileReference; includeInIndex = 1; lastKnownFileType = text.xcconfig; name = "Pods-MovieMatcher.debug.xcconfig"; path = "Target Support Files/Pods-MovieMatcher/Pods-MovieMatcher.debug.xcconfig"; sourceTree = "<group>"; };
		A4A6D36F248E71BFA939A49A /* Pods-MovieMatcher-MovieMatcherUITests.debug.xcconfig */ = {isa = PBXFileReference; includeInIndex = 1; lastKnownFileType = text.xcconfig; name = "Pods-MovieMatcher-MovieMatcherUITests.debug.xcconfig"; path = "Target Support Files/Pods-MovieMatcher-MovieMatcherUITests/Pods-MovieMatcher-MovieMatcherUITests.debug.xcconfig"; sourceTree = "<group>"; };
		D25F4B8D91456F932B9C9D17 /* Pods_MovieMatcherTests.framework */ = {isa = PBXFileReference; explicitFileType = wrapper.framework; includeInIndex = 0; path = Pods_MovieMatcherTests.framework; sourceTree = BUILT_PRODUCTS_DIR; };
		F73C819FCBD14E9F4444025C /* Pods-MovieMatcher.release.xcconfig */ = {isa = PBXFileReference; includeInIndex = 1; lastKnownFileType = text.xcconfig; name = "Pods-MovieMatcher.release.xcconfig"; path = "Target Support Files/Pods-MovieMatcher/Pods-MovieMatcher.release.xcconfig"; sourceTree = "<group>"; };
/* End PBXFileReference section */

/* Begin PBXFrameworksBuildPhase section */
		7606EAB526FDC30F00F83414 /* Frameworks */ = {
			isa = PBXFrameworksBuildPhase;
			buildActionMask = 2147483647;
			files = (
				D184577D44A455B912449FF7 /* Pods_MovieMatcher.framework in Frameworks */,
			);
			runOnlyForDeploymentPostprocessing = 0;
		};
		7606EAC626FDC30F00F83414 /* Frameworks */ = {
			isa = PBXFrameworksBuildPhase;
			buildActionMask = 2147483647;
			files = (
				AF277C0E742F8C4FF61E69CD /* Pods_MovieMatcherTests.framework in Frameworks */,
			);
			runOnlyForDeploymentPostprocessing = 0;
		};
		7606EAD126FDC31000F83414 /* Frameworks */ = {
			isa = PBXFrameworksBuildPhase;
			buildActionMask = 2147483647;
			files = (
				DAC26831AE68FD0CF562A758 /* Pods_MovieMatcher_MovieMatcherUITests.framework in Frameworks */,
			);
			runOnlyForDeploymentPostprocessing = 0;
		};
/* End PBXFrameworksBuildPhase section */

/* Begin PBXGroup section */
		3DFC101620DBDC45CB9DB39C /* Frameworks */ = {
			isa = PBXGroup;
			children = (
				85612308409E64CC823D0510 /* Pods_MovieMatcher.framework */,
				58AEF9F22A0B53A659ED6F4B /* Pods_MovieMatcher_MovieMatcherUITests.framework */,
				D25F4B8D91456F932B9C9D17 /* Pods_MovieMatcherTests.framework */,
			);
			name = Frameworks;
			sourceTree = "<group>";
		};
		41072E652709E7F20052784E /* Data */ = {
			isa = PBXGroup;
			children = (
				41072E662709E8150052784E /* MovieApi.swift */,
				41072E6A270B6BE10052784E /* UserDTO.swift */,
				41072E6C270B73060052784E /* GroupDTO.swift */,
			);
			path = Data;
			sourceTree = "<group>";
		};
		7606EAAF26FDC30F00F83414 = {
			isa = PBXGroup;
			children = (
				41AC69D62705EC1F003D18E1 /* Podfile */,
				767CE46F27030DEE005AEA65 /* .gitignore */,
				7606EABA26FDC30F00F83414 /* MovieMatcher */,
				7606EACC26FDC30F00F83414 /* MovieMatcherTests */,
				7606EAD726FDC31000F83414 /* MovieMatcherUITests */,
				7606EAB926FDC30F00F83414 /* Products */,
				A893563422558ACBCEE34ADA /* Pods */,
				3DFC101620DBDC45CB9DB39C /* Frameworks */,
			);
			sourceTree = "<group>";
		};
		7606EAB926FDC30F00F83414 /* Products */ = {
			isa = PBXGroup;
			children = (
				7606EAB826FDC30F00F83414 /* MovieMatcher.app */,
				7606EAC926FDC30F00F83414 /* MovieMatcherTests.xctest */,
				7606EAD426FDC31000F83414 /* MovieMatcherUITests.xctest */,
			);
			name = Products;
			sourceTree = "<group>";
		};
		7606EABA26FDC30F00F83414 /* MovieMatcher */ = {
			isa = PBXGroup;
			children = (
				41072E652709E7F20052784E /* Data */,
				767CE46D27030D6C005AEA65 /* MovieAPI.swift */,
				7606EAE626FDC43E00F83414 /* Views */,
				7606EABB26FDC30F00F83414 /* MovieMatcherApp.swift */,
				7606EABD26FDC30F00F83414 /* ContentView.swift */,
				41AC69C727033A4B003D18E1 /* MovieMatcher.xcdatamodeld */,
				41AC69CA27034005003D18E1 /* Persistence.swift */,
				41AC69BF27027A66003D18E1 /* ViewRouter.swift */,
				7606EABF26FDC30F00F83414 /* Assets.xcassets */,
				7606EAC426FDC30F00F83414 /* Info.plist */,
				7606EAC126FDC30F00F83414 /* Preview Content */,
				41AC69C327031974003D18E1 /* Config.xcconfig */,
			);
			path = MovieMatcher;
			sourceTree = "<group>";
		};
		7606EAC126FDC30F00F83414 /* Preview Content */ = {
			isa = PBXGroup;
			children = (
				7606EAC226FDC30F00F83414 /* Preview Assets.xcassets */,
			);
			path = "Preview Content";
			sourceTree = "<group>";
		};
		7606EACC26FDC30F00F83414 /* MovieMatcherTests */ = {
			isa = PBXGroup;
			children = (
				7606EACD26FDC30F00F83414 /* MovieMatcherTests.swift */,
				7606EACF26FDC30F00F83414 /* Info.plist */,
			);
			path = MovieMatcherTests;
			sourceTree = "<group>";
		};
		7606EAD726FDC31000F83414 /* MovieMatcherUITests */ = {
			isa = PBXGroup;
			children = (
				7606EAD826FDC31000F83414 /* MovieMatcherUITests.swift */,
				7606EADA26FDC31000F83414 /* Info.plist */,
			);
			path = MovieMatcherUITests;
			sourceTree = "<group>";
		};
		7606EAE626FDC43E00F83414 /* Views */ = {
			isa = PBXGroup;
			children = (
				7606EAFB26FDD1E700F83414 /* Components */,
				7606EAF726FDD12000F83414 /* ItemDetailView.swift */,
				7606EAF926FDD1A600F83414 /* CreateEventView.swift */,
				7606EAE726FDC4C700F83414 /* Pages */,
			);
			path = Views;
			sourceTree = "<group>";
		};
		7606EAE726FDC4C700F83414 /* Pages */ = {
			isa = PBXGroup;
			children = (
				7606EAEB26FDC58400F83414 /* RecommendedView.swift */,
				7606EAED26FDC68500F83414 /* SearchView.swift */,
				7606EAEF26FDC69400F83414 /* MatchView.swift */,
				7606EAF126FDC69F00F83414 /* WatchedView.swift */,
				7606EAF326FDC6C900F83414 /* SelectionView.swift */,
				7606EAF526FDD10600F83414 /* LoginView.swift */,
			);
			path = Pages;
			sourceTree = "<group>";
		};
		7606EAFB26FDD1E700F83414 /* Components */ = {
			isa = PBXGroup;
			children = (
				41AC69BD2701B635003D18E1 /* Styles.swift */,
				41AC69C12702FEDB003D18E1 /* TabView.swift */,
				41AC69CE27048058003D18E1 /* MediaGridItem.swift */,
				41AC69D027048954003D18E1 /* RemoteImage.swift */,
				41AC69D22705BAF1003D18E1 /* GridItemPlaceholder.swift */,
			);
			path = Components;
			sourceTree = "<group>";
		};
		A893563422558ACBCEE34ADA /* Pods */ = {
			isa = PBXGroup;
			children = (
				92C4AEF29C75ED81CE8062DE /* Pods-MovieMatcher.debug.xcconfig */,
				F73C819FCBD14E9F4444025C /* Pods-MovieMatcher.release.xcconfig */,
				A4A6D36F248E71BFA939A49A /* Pods-MovieMatcher-MovieMatcherUITests.debug.xcconfig */,
				163FA573A37062482462586F /* Pods-MovieMatcher-MovieMatcherUITests.release.xcconfig */,
				834F0B0988C60ACC3A5CEEC6 /* Pods-MovieMatcherTests.debug.xcconfig */,
				09184AE60BD625DFE289CABB /* Pods-MovieMatcherTests.release.xcconfig */,
			);
			path = Pods;
			sourceTree = "<group>";
		};
/* End PBXGroup section */

/* Begin PBXNativeTarget section */
		7606EAB726FDC30F00F83414 /* MovieMatcher */ = {
			isa = PBXNativeTarget;
			buildConfigurationList = 7606EADD26FDC31000F83414 /* Build configuration list for PBXNativeTarget "MovieMatcher" */;
			buildPhases = (
				B68500C60BE18DE4B8C203D9 /* [CP] Check Pods Manifest.lock */,
				7606EAB426FDC30F00F83414 /* Sources */,
				7606EAB526FDC30F00F83414 /* Frameworks */,
				7606EAB626FDC30F00F83414 /* Resources */,
				D3DB8FC63FD55025CF50EF6A /* [CP] Embed Pods Frameworks */,
			);
			buildRules = (
			);
			dependencies = (
			);
			name = MovieMatcher;
			productName = MovieMatcher;
			productReference = 7606EAB826FDC30F00F83414 /* MovieMatcher.app */;
			productType = "com.apple.product-type.application";
		};
		7606EAC826FDC30F00F83414 /* MovieMatcherTests */ = {
			isa = PBXNativeTarget;
			buildConfigurationList = 7606EAE026FDC31000F83414 /* Build configuration list for PBXNativeTarget "MovieMatcherTests" */;
			buildPhases = (
				DD153C9DAFD424990305F56D /* [CP] Check Pods Manifest.lock */,
				7606EAC526FDC30F00F83414 /* Sources */,
				7606EAC626FDC30F00F83414 /* Frameworks */,
				7606EAC726FDC30F00F83414 /* Resources */,
			);
			buildRules = (
			);
			dependencies = (
				7606EACB26FDC30F00F83414 /* PBXTargetDependency */,
			);
			name = MovieMatcherTests;
			productName = MovieMatcherTests;
			productReference = 7606EAC926FDC30F00F83414 /* MovieMatcherTests.xctest */;
			productType = "com.apple.product-type.bundle.unit-test";
		};
		7606EAD326FDC31000F83414 /* MovieMatcherUITests */ = {
			isa = PBXNativeTarget;
			buildConfigurationList = 7606EAE326FDC31000F83414 /* Build configuration list for PBXNativeTarget "MovieMatcherUITests" */;
			buildPhases = (
				D1E172AE184877DC78F7B3E0 /* [CP] Check Pods Manifest.lock */,
				7606EAD026FDC31000F83414 /* Sources */,
				7606EAD126FDC31000F83414 /* Frameworks */,
				7606EAD226FDC31000F83414 /* Resources */,
				6E3205B557632DF470F8F9CD /* [CP] Embed Pods Frameworks */,
			);
			buildRules = (
			);
			dependencies = (
				7606EAD626FDC31000F83414 /* PBXTargetDependency */,
			);
			name = MovieMatcherUITests;
			productName = MovieMatcherUITests;
			productReference = 7606EAD426FDC31000F83414 /* MovieMatcherUITests.xctest */;
			productType = "com.apple.product-type.bundle.ui-testing";
		};
/* End PBXNativeTarget section */

/* Begin PBXProject section */
		7606EAB026FDC30F00F83414 /* Project object */ = {
			isa = PBXProject;
			attributes = {
				LastSwiftUpdateCheck = 1250;
				LastUpgradeCheck = 1250;
				TargetAttributes = {
					7606EAB726FDC30F00F83414 = {
						CreatedOnToolsVersion = 12.5.1;
					};
					7606EAC826FDC30F00F83414 = {
						CreatedOnToolsVersion = 12.5.1;
						TestTargetID = 7606EAB726FDC30F00F83414;
					};
					7606EAD326FDC31000F83414 = {
						CreatedOnToolsVersion = 12.5.1;
						TestTargetID = 7606EAB726FDC30F00F83414;
					};
				};
			};
			buildConfigurationList = 7606EAB326FDC30F00F83414 /* Build configuration list for PBXProject "MovieMatcher" */;
			compatibilityVersion = "Xcode 9.3";
			developmentRegion = en;
			hasScannedForEncodings = 0;
			knownRegions = (
				en,
				Base,
			);
			mainGroup = 7606EAAF26FDC30F00F83414;
			productRefGroup = 7606EAB926FDC30F00F83414 /* Products */;
			projectDirPath = "";
			projectRoot = "";
			targets = (
				7606EAB726FDC30F00F83414 /* MovieMatcher */,
				7606EAC826FDC30F00F83414 /* MovieMatcherTests */,
				7606EAD326FDC31000F83414 /* MovieMatcherUITests */,
			);
		};
/* End PBXProject section */

/* Begin PBXResourcesBuildPhase section */
		7606EAB626FDC30F00F83414 /* Resources */ = {
			isa = PBXResourcesBuildPhase;
			buildActionMask = 2147483647;
			files = (
				7606EAC326FDC30F00F83414 /* Preview Assets.xcassets in Resources */,
				767CE47027030DEE005AEA65 /* .gitignore in Resources */,
				41AC69D72705EC1F003D18E1 /* Podfile in Resources */,
				7606EAC026FDC30F00F83414 /* Assets.xcassets in Resources */,
			);
			runOnlyForDeploymentPostprocessing = 0;
		};
		7606EAC726FDC30F00F83414 /* Resources */ = {
			isa = PBXResourcesBuildPhase;
			buildActionMask = 2147483647;
			files = (
			);
			runOnlyForDeploymentPostprocessing = 0;
		};
		7606EAD226FDC31000F83414 /* Resources */ = {
			isa = PBXResourcesBuildPhase;
			buildActionMask = 2147483647;
			files = (
			);
			runOnlyForDeploymentPostprocessing = 0;
		};
/* End PBXResourcesBuildPhase section */

/* Begin PBXShellScriptBuildPhase section */
		6E3205B557632DF470F8F9CD /* [CP] Embed Pods Frameworks */ = {
			isa = PBXShellScriptBuildPhase;
			buildActionMask = 2147483647;
			files = (
			);
			inputFileListPaths = (
				"${PODS_ROOT}/Target Support Files/Pods-MovieMatcher-MovieMatcherUITests/Pods-MovieMatcher-MovieMatcherUITests-frameworks-${CONFIGURATION}-input-files.xcfilelist",
			);
			name = "[CP] Embed Pods Frameworks";
			outputFileListPaths = (
				"${PODS_ROOT}/Target Support Files/Pods-MovieMatcher-MovieMatcherUITests/Pods-MovieMatcher-MovieMatcherUITests-frameworks-${CONFIGURATION}-output-files.xcfilelist",
			);
			runOnlyForDeploymentPostprocessing = 0;
			shellPath = /bin/sh;
			shellScript = "\"${PODS_ROOT}/Target Support Files/Pods-MovieMatcher-MovieMatcherUITests/Pods-MovieMatcher-MovieMatcherUITests-frameworks.sh\"\n";
			showEnvVarsInLog = 0;
		};
		B68500C60BE18DE4B8C203D9 /* [CP] Check Pods Manifest.lock */ = {
			isa = PBXShellScriptBuildPhase;
			buildActionMask = 2147483647;
			files = (
			);
			inputFileListPaths = (
			);
			inputPaths = (
				"${PODS_PODFILE_DIR_PATH}/Podfile.lock",
				"${PODS_ROOT}/Manifest.lock",
			);
			name = "[CP] Check Pods Manifest.lock";
			outputFileListPaths = (
			);
			outputPaths = (
				"$(DERIVED_FILE_DIR)/Pods-MovieMatcher-checkManifestLockResult.txt",
			);
			runOnlyForDeploymentPostprocessing = 0;
			shellPath = /bin/sh;
			shellScript = "diff \"${PODS_PODFILE_DIR_PATH}/Podfile.lock\" \"${PODS_ROOT}/Manifest.lock\" > /dev/null\nif [ $? != 0 ] ; then\n    # print error to STDERR\n    echo \"error: The sandbox is not in sync with the Podfile.lock. Run 'pod install' or update your CocoaPods installation.\" >&2\n    exit 1\nfi\n# This output is used by Xcode 'outputs' to avoid re-running this script phase.\necho \"SUCCESS\" > \"${SCRIPT_OUTPUT_FILE_0}\"\n";
			showEnvVarsInLog = 0;
		};
		D1E172AE184877DC78F7B3E0 /* [CP] Check Pods Manifest.lock */ = {
			isa = PBXShellScriptBuildPhase;
			buildActionMask = 2147483647;
			files = (
			);
			inputFileListPaths = (
			);
			inputPaths = (
				"${PODS_PODFILE_DIR_PATH}/Podfile.lock",
				"${PODS_ROOT}/Manifest.lock",
			);
			name = "[CP] Check Pods Manifest.lock";
			outputFileListPaths = (
			);
			outputPaths = (
				"$(DERIVED_FILE_DIR)/Pods-MovieMatcher-MovieMatcherUITests-checkManifestLockResult.txt",
			);
			runOnlyForDeploymentPostprocessing = 0;
			shellPath = /bin/sh;
			shellScript = "diff \"${PODS_PODFILE_DIR_PATH}/Podfile.lock\" \"${PODS_ROOT}/Manifest.lock\" > /dev/null\nif [ $? != 0 ] ; then\n    # print error to STDERR\n    echo \"error: The sandbox is not in sync with the Podfile.lock. Run 'pod install' or update your CocoaPods installation.\" >&2\n    exit 1\nfi\n# This output is used by Xcode 'outputs' to avoid re-running this script phase.\necho \"SUCCESS\" > \"${SCRIPT_OUTPUT_FILE_0}\"\n";
			showEnvVarsInLog = 0;
		};
		D3DB8FC63FD55025CF50EF6A /* [CP] Embed Pods Frameworks */ = {
			isa = PBXShellScriptBuildPhase;
			buildActionMask = 2147483647;
			files = (
			);
			inputFileListPaths = (
				"${PODS_ROOT}/Target Support Files/Pods-MovieMatcher/Pods-MovieMatcher-frameworks-${CONFIGURATION}-input-files.xcfilelist",
			);
			name = "[CP] Embed Pods Frameworks";
			outputFileListPaths = (
				"${PODS_ROOT}/Target Support Files/Pods-MovieMatcher/Pods-MovieMatcher-frameworks-${CONFIGURATION}-output-files.xcfilelist",
			);
			runOnlyForDeploymentPostprocessing = 0;
			shellPath = /bin/sh;
			shellScript = "\"${PODS_ROOT}/Target Support Files/Pods-MovieMatcher/Pods-MovieMatcher-frameworks.sh\"\n";
			showEnvVarsInLog = 0;
		};
		DD153C9DAFD424990305F56D /* [CP] Check Pods Manifest.lock */ = {
			isa = PBXShellScriptBuildPhase;
			buildActionMask = 2147483647;
			files = (
			);
			inputFileListPaths = (
			);
			inputPaths = (
				"${PODS_PODFILE_DIR_PATH}/Podfile.lock",
				"${PODS_ROOT}/Manifest.lock",
			);
			name = "[CP] Check Pods Manifest.lock";
			outputFileListPaths = (
			);
			outputPaths = (
				"$(DERIVED_FILE_DIR)/Pods-MovieMatcherTests-checkManifestLockResult.txt",
			);
			runOnlyForDeploymentPostprocessing = 0;
			shellPath = /bin/sh;
			shellScript = "diff \"${PODS_PODFILE_DIR_PATH}/Podfile.lock\" \"${PODS_ROOT}/Manifest.lock\" > /dev/null\nif [ $? != 0 ] ; then\n    # print error to STDERR\n    echo \"error: The sandbox is not in sync with the Podfile.lock. Run 'pod install' or update your CocoaPods installation.\" >&2\n    exit 1\nfi\n# This output is used by Xcode 'outputs' to avoid re-running this script phase.\necho \"SUCCESS\" > \"${SCRIPT_OUTPUT_FILE_0}\"\n";
			showEnvVarsInLog = 0;
		};
/* End PBXShellScriptBuildPhase section */

/* Begin PBXSourcesBuildPhase section */
		7606EAB426FDC30F00F83414 /* Sources */ = {
			isa = PBXSourcesBuildPhase;
			buildActionMask = 2147483647;
			files = (
				7606EAEE26FDC68500F83414 /* SearchView.swift in Sources */,
				41AC69CB27034005003D18E1 /* Persistence.swift in Sources */,
				767CE46E27030D6C005AEA65 /* MovieAPI.swift in Sources */,
				7606EAF026FDC69400F83414 /* MatchView.swift in Sources */,
				7606EABE26FDC30F00F83414 /* ContentView.swift in Sources */,
				41AC69D127048954003D18E1 /* RemoteImage.swift in Sources */,
				41AC69C027027A66003D18E1 /* ViewRouter.swift in Sources */,
				41072E672709E8150052784E /* MovieApi.swift in Sources */,
				41AC69BE2701B635003D18E1 /* Styles.swift in Sources */,
				7606EAF826FDD12000F83414 /* ItemDetailView.swift in Sources */,
				41AC69C927033A4B003D18E1 /* MovieMatcher.xcdatamodeld in Sources */,
				7606EAF226FDC69F00F83414 /* WatchedView.swift in Sources */,
				41072E6B270B6BE10052784E /* UserDTO.swift in Sources */,
				7606EABC26FDC30F00F83414 /* MovieMatcherApp.swift in Sources */,
				41AC69CF27048058003D18E1 /* MediaGridItem.swift in Sources */,
				7606EAF426FDC6C900F83414 /* SelectionView.swift in Sources */,
				41AC69C22702FEDB003D18E1 /* TabView.swift in Sources */,
				7606EAFA26FDD1A600F83414 /* CreateEventView.swift in Sources */,
				7606EAF626FDD10600F83414 /* LoginView.swift in Sources */,
				41AC69D32705BAF1003D18E1 /* GridItemPlaceholder.swift in Sources */,
				7606EAEC26FDC58400F83414 /* RecommendedView.swift in Sources */,
				41072E6D270B73060052784E /* GroupDTO.swift in Sources */,
			);
			runOnlyForDeploymentPostprocessing = 0;
		};
		7606EAC526FDC30F00F83414 /* Sources */ = {
			isa = PBXSourcesBuildPhase;
			buildActionMask = 2147483647;
			files = (
				7606EACE26FDC30F00F83414 /* MovieMatcherTests.swift in Sources */,
			);
			runOnlyForDeploymentPostprocessing = 0;
		};
		7606EAD026FDC31000F83414 /* Sources */ = {
			isa = PBXSourcesBuildPhase;
			buildActionMask = 2147483647;
			files = (
				7606EAD926FDC31000F83414 /* MovieMatcherUITests.swift in Sources */,
			);
			runOnlyForDeploymentPostprocessing = 0;
		};
/* End PBXSourcesBuildPhase section */

/* Begin PBXTargetDependency section */
		7606EACB26FDC30F00F83414 /* PBXTargetDependency */ = {
			isa = PBXTargetDependency;
			target = 7606EAB726FDC30F00F83414 /* MovieMatcher */;
			targetProxy = 7606EACA26FDC30F00F83414 /* PBXContainerItemProxy */;
		};
		7606EAD626FDC31000F83414 /* PBXTargetDependency */ = {
			isa = PBXTargetDependency;
			target = 7606EAB726FDC30F00F83414 /* MovieMatcher */;
			targetProxy = 7606EAD526FDC31000F83414 /* PBXContainerItemProxy */;
		};
/* End PBXTargetDependency section */

/* Begin XCBuildConfiguration section */
		7606EADB26FDC31000F83414 /* Debug */ = {
			isa = XCBuildConfiguration;
			buildSettings = {
				ALWAYS_SEARCH_USER_PATHS = NO;
				CLANG_ANALYZER_NONNULL = YES;
				CLANG_ANALYZER_NUMBER_OBJECT_CONVERSION = YES_AGGRESSIVE;
				CLANG_CXX_LANGUAGE_STANDARD = "gnu++14";
				CLANG_CXX_LIBRARY = "libc++";
				CLANG_ENABLE_MODULES = YES;
				CLANG_ENABLE_OBJC_ARC = YES;
				CLANG_ENABLE_OBJC_WEAK = YES;
				CLANG_WARN_BLOCK_CAPTURE_AUTORELEASING = YES;
				CLANG_WARN_BOOL_CONVERSION = YES;
				CLANG_WARN_COMMA = YES;
				CLANG_WARN_CONSTANT_CONVERSION = YES;
				CLANG_WARN_DEPRECATED_OBJC_IMPLEMENTATIONS = YES;
				CLANG_WARN_DIRECT_OBJC_ISA_USAGE = YES_ERROR;
				CLANG_WARN_DOCUMENTATION_COMMENTS = YES;
				CLANG_WARN_EMPTY_BODY = YES;
				CLANG_WARN_ENUM_CONVERSION = YES;
				CLANG_WARN_INFINITE_RECURSION = YES;
				CLANG_WARN_INT_CONVERSION = YES;
				CLANG_WARN_NON_LITERAL_NULL_CONVERSION = YES;
				CLANG_WARN_OBJC_IMPLICIT_RETAIN_SELF = YES;
				CLANG_WARN_OBJC_LITERAL_CONVERSION = YES;
				CLANG_WARN_OBJC_ROOT_CLASS = YES_ERROR;
				CLANG_WARN_QUOTED_INCLUDE_IN_FRAMEWORK_HEADER = YES;
				CLANG_WARN_RANGE_LOOP_ANALYSIS = YES;
				CLANG_WARN_STRICT_PROTOTYPES = YES;
				CLANG_WARN_SUSPICIOUS_MOVE = YES;
				CLANG_WARN_UNGUARDED_AVAILABILITY = YES_AGGRESSIVE;
				CLANG_WARN_UNREACHABLE_CODE = YES;
				CLANG_WARN__DUPLICATE_METHOD_MATCH = YES;
				COPY_PHASE_STRIP = NO;
				DEBUG_INFORMATION_FORMAT = dwarf;
				ENABLE_STRICT_OBJC_MSGSEND = YES;
				ENABLE_TESTABILITY = YES;
				GCC_C_LANGUAGE_STANDARD = gnu11;
				GCC_DYNAMIC_NO_PIC = NO;
				GCC_NO_COMMON_BLOCKS = YES;
				GCC_OPTIMIZATION_LEVEL = 0;
				GCC_PREPROCESSOR_DEFINITIONS = (
					"DEBUG=1",
					"$(inherited)",
				);
				GCC_WARN_64_TO_32_BIT_CONVERSION = YES;
				GCC_WARN_ABOUT_RETURN_TYPE = YES_ERROR;
				GCC_WARN_UNDECLARED_SELECTOR = YES;
				GCC_WARN_UNINITIALIZED_AUTOS = YES_AGGRESSIVE;
				GCC_WARN_UNUSED_FUNCTION = YES;
				GCC_WARN_UNUSED_VARIABLE = YES;
				IPHONEOS_DEPLOYMENT_TARGET = 14.5;
				MTL_ENABLE_DEBUG_INFO = INCLUDE_SOURCE;
				MTL_FAST_MATH = YES;
				ONLY_ACTIVE_ARCH = YES;
				SDKROOT = iphoneos;
				SWIFT_ACTIVE_COMPILATION_CONDITIONS = DEBUG;
				SWIFT_OPTIMIZATION_LEVEL = "-Onone";
			};
			name = Debug;
		};
		7606EADC26FDC31000F83414 /* Release */ = {
			isa = XCBuildConfiguration;
			buildSettings = {
				ALWAYS_SEARCH_USER_PATHS = NO;
				CLANG_ANALYZER_NONNULL = YES;
				CLANG_ANALYZER_NUMBER_OBJECT_CONVERSION = YES_AGGRESSIVE;
				CLANG_CXX_LANGUAGE_STANDARD = "gnu++14";
				CLANG_CXX_LIBRARY = "libc++";
				CLANG_ENABLE_MODULES = YES;
				CLANG_ENABLE_OBJC_ARC = YES;
				CLANG_ENABLE_OBJC_WEAK = YES;
				CLANG_WARN_BLOCK_CAPTURE_AUTORELEASING = YES;
				CLANG_WARN_BOOL_CONVERSION = YES;
				CLANG_WARN_COMMA = YES;
				CLANG_WARN_CONSTANT_CONVERSION = YES;
				CLANG_WARN_DEPRECATED_OBJC_IMPLEMENTATIONS = YES;
				CLANG_WARN_DIRECT_OBJC_ISA_USAGE = YES_ERROR;
				CLANG_WARN_DOCUMENTATION_COMMENTS = YES;
				CLANG_WARN_EMPTY_BODY = YES;
				CLANG_WARN_ENUM_CONVERSION = YES;
				CLANG_WARN_INFINITE_RECURSION = YES;
				CLANG_WARN_INT_CONVERSION = YES;
				CLANG_WARN_NON_LITERAL_NULL_CONVERSION = YES;
				CLANG_WARN_OBJC_IMPLICIT_RETAIN_SELF = YES;
				CLANG_WARN_OBJC_LITERAL_CONVERSION = YES;
				CLANG_WARN_OBJC_ROOT_CLASS = YES_ERROR;
				CLANG_WARN_QUOTED_INCLUDE_IN_FRAMEWORK_HEADER = YES;
				CLANG_WARN_RANGE_LOOP_ANALYSIS = YES;
				CLANG_WARN_STRICT_PROTOTYPES = YES;
				CLANG_WARN_SUSPICIOUS_MOVE = YES;
				CLANG_WARN_UNGUARDED_AVAILABILITY = YES_AGGRESSIVE;
				CLANG_WARN_UNREACHABLE_CODE = YES;
				CLANG_WARN__DUPLICATE_METHOD_MATCH = YES;
				COPY_PHASE_STRIP = NO;
				DEBUG_INFORMATION_FORMAT = "dwarf-with-dsym";
				ENABLE_NS_ASSERTIONS = NO;
				ENABLE_STRICT_OBJC_MSGSEND = YES;
				GCC_C_LANGUAGE_STANDARD = gnu11;
				GCC_NO_COMMON_BLOCKS = YES;
				GCC_WARN_64_TO_32_BIT_CONVERSION = YES;
				GCC_WARN_ABOUT_RETURN_TYPE = YES_ERROR;
				GCC_WARN_UNDECLARED_SELECTOR = YES;
				GCC_WARN_UNINITIALIZED_AUTOS = YES_AGGRESSIVE;
				GCC_WARN_UNUSED_FUNCTION = YES;
				GCC_WARN_UNUSED_VARIABLE = YES;
				IPHONEOS_DEPLOYMENT_TARGET = 14.5;
				MTL_ENABLE_DEBUG_INFO = NO;
				MTL_FAST_MATH = YES;
				SDKROOT = iphoneos;
				SWIFT_COMPILATION_MODE = wholemodule;
				SWIFT_OPTIMIZATION_LEVEL = "-O";
				VALIDATE_PRODUCT = YES;
			};
			name = Release;
		};
		7606EADE26FDC31000F83414 /* Debug */ = {
			isa = XCBuildConfiguration;
			baseConfigurationReference = 92C4AEF29C75ED81CE8062DE /* Pods-MovieMatcher.debug.xcconfig */;
			buildSettings = {
				ASSETCATALOG_COMPILER_APPICON_NAME = AppIcon;
				ASSETCATALOG_COMPILER_GLOBAL_ACCENT_COLOR_NAME = AccentColor;
				CODE_SIGN_STYLE = Automatic;
				DEVELOPMENT_ASSET_PATHS = "\"MovieMatcher/Preview Content\"";
				ENABLE_PREVIEWS = YES;
				INFOPLIST_FILE = MovieMatcher/Info.plist;
				IPHONEOS_DEPLOYMENT_TARGET = 14.0;
				LD_RUNPATH_SEARCH_PATHS = (
					"$(inherited)",
					"@executable_path/Frameworks",
				);
				PRODUCT_BUNDLE_IDENTIFIER = nl.fontys.daviddylan.MovieMatcher;
				PRODUCT_NAME = "$(TARGET_NAME)";
				SWIFT_VERSION = 5.0;
				TARGETED_DEVICE_FAMILY = "1,2";
			};
			name = Debug;
		};
		7606EADF26FDC31000F83414 /* Release */ = {
			isa = XCBuildConfiguration;
			baseConfigurationReference = F73C819FCBD14E9F4444025C /* Pods-MovieMatcher.release.xcconfig */;
			buildSettings = {
				ASSETCATALOG_COMPILER_APPICON_NAME = AppIcon;
				ASSETCATALOG_COMPILER_GLOBAL_ACCENT_COLOR_NAME = AccentColor;
				CODE_SIGN_STYLE = Automatic;
				DEVELOPMENT_ASSET_PATHS = "\"MovieMatcher/Preview Content\"";
				ENABLE_PREVIEWS = YES;
				INFOPLIST_FILE = MovieMatcher/Info.plist;
				IPHONEOS_DEPLOYMENT_TARGET = 14.0;
				LD_RUNPATH_SEARCH_PATHS = (
					"$(inherited)",
					"@executable_path/Frameworks",
				);
				PRODUCT_BUNDLE_IDENTIFIER = nl.fontys.daviddylan.MovieMatcher;
				PRODUCT_NAME = "$(TARGET_NAME)";
				SWIFT_VERSION = 5.0;
				TARGETED_DEVICE_FAMILY = "1,2";
			};
			name = Release;
		};
		7606EAE126FDC31000F83414 /* Debug */ = {
			isa = XCBuildConfiguration;
			baseConfigurationReference = 834F0B0988C60ACC3A5CEEC6 /* Pods-MovieMatcherTests.debug.xcconfig */;
			buildSettings = {
				ALWAYS_EMBED_SWIFT_STANDARD_LIBRARIES = YES;
				BUNDLE_LOADER = "$(TEST_HOST)";
				CODE_SIGN_STYLE = Automatic;
				INFOPLIST_FILE = MovieMatcherTests/Info.plist;
				IPHONEOS_DEPLOYMENT_TARGET = 14.0;
				LD_RUNPATH_SEARCH_PATHS = (
					"$(inherited)",
					"@executable_path/Frameworks",
					"@loader_path/Frameworks",
				);
				PRODUCT_BUNDLE_IDENTIFIER = nl.fontys.daviddylan.MovieMatcherTests;
				PRODUCT_NAME = "$(TARGET_NAME)";
				SWIFT_VERSION = 5.0;
				TARGETED_DEVICE_FAMILY = "1,2";
				TEST_HOST = "$(BUILT_PRODUCTS_DIR)/MovieMatcher.app/MovieMatcher";
			};
			name = Debug;
		};
		7606EAE226FDC31000F83414 /* Release */ = {
			isa = XCBuildConfiguration;
			baseConfigurationReference = 09184AE60BD625DFE289CABB /* Pods-MovieMatcherTests.release.xcconfig */;
			buildSettings = {
				ALWAYS_EMBED_SWIFT_STANDARD_LIBRARIES = YES;
				BUNDLE_LOADER = "$(TEST_HOST)";
				CODE_SIGN_STYLE = Automatic;
				INFOPLIST_FILE = MovieMatcherTests/Info.plist;
				IPHONEOS_DEPLOYMENT_TARGET = 14.0;
				LD_RUNPATH_SEARCH_PATHS = (
					"$(inherited)",
					"@executable_path/Frameworks",
					"@loader_path/Frameworks",
				);
				PRODUCT_BUNDLE_IDENTIFIER = nl.fontys.daviddylan.MovieMatcherTests;
				PRODUCT_NAME = "$(TARGET_NAME)";
				SWIFT_VERSION = 5.0;
				TARGETED_DEVICE_FAMILY = "1,2";
				TEST_HOST = "$(BUILT_PRODUCTS_DIR)/MovieMatcher.app/MovieMatcher";
			};
			name = Release;
		};
		7606EAE426FDC31000F83414 /* Debug */ = {
			isa = XCBuildConfiguration;
			baseConfigurationReference = A4A6D36F248E71BFA939A49A /* Pods-MovieMatcher-MovieMatcherUITests.debug.xcconfig */;
			buildSettings = {
				ALWAYS_EMBED_SWIFT_STANDARD_LIBRARIES = YES;
				CODE_SIGN_STYLE = Automatic;
				INFOPLIST_FILE = MovieMatcherUITests/Info.plist;
				LD_RUNPATH_SEARCH_PATHS = (
					"$(inherited)",
					"@executable_path/Frameworks",
					"@loader_path/Frameworks",
				);
				PRODUCT_BUNDLE_IDENTIFIER = nl.fontys.daviddylan.MovieMatcherUITests;
				PRODUCT_NAME = "$(TARGET_NAME)";
				SWIFT_VERSION = 5.0;
				TARGETED_DEVICE_FAMILY = "1,2";
				TEST_TARGET_NAME = MovieMatcher;
			};
			name = Debug;
		};
		7606EAE526FDC31000F83414 /* Release */ = {
			isa = XCBuildConfiguration;
			baseConfigurationReference = 163FA573A37062482462586F /* Pods-MovieMatcher-MovieMatcherUITests.release.xcconfig */;
			buildSettings = {
				ALWAYS_EMBED_SWIFT_STANDARD_LIBRARIES = YES;
				CODE_SIGN_STYLE = Automatic;
				INFOPLIST_FILE = MovieMatcherUITests/Info.plist;
				LD_RUNPATH_SEARCH_PATHS = (
					"$(inherited)",
					"@executable_path/Frameworks",
					"@loader_path/Frameworks",
				);
				PRODUCT_BUNDLE_IDENTIFIER = nl.fontys.daviddylan.MovieMatcherUITests;
				PRODUCT_NAME = "$(TARGET_NAME)";
				SWIFT_VERSION = 5.0;
				TARGETED_DEVICE_FAMILY = "1,2";
				TEST_TARGET_NAME = MovieMatcher;
			};
			name = Release;
		};
/* End XCBuildConfiguration section */

/* Begin XCConfigurationList section */
		7606EAB326FDC30F00F83414 /* Build configuration list for PBXProject "MovieMatcher" */ = {
			isa = XCConfigurationList;
			buildConfigurations = (
				7606EADB26FDC31000F83414 /* Debug */,
				7606EADC26FDC31000F83414 /* Release */,
			);
			defaultConfigurationIsVisible = 0;
			defaultConfigurationName = Release;
		};
		7606EADD26FDC31000F83414 /* Build configuration list for PBXNativeTarget "MovieMatcher" */ = {
			isa = XCConfigurationList;
			buildConfigurations = (
				7606EADE26FDC31000F83414 /* Debug */,
				7606EADF26FDC31000F83414 /* Release */,
			);
			defaultConfigurationIsVisible = 0;
			defaultConfigurationName = Release;
		};
		7606EAE026FDC31000F83414 /* Build configuration list for PBXNativeTarget "MovieMatcherTests" */ = {
			isa = XCConfigurationList;
			buildConfigurations = (
				7606EAE126FDC31000F83414 /* Debug */,
				7606EAE226FDC31000F83414 /* Release */,
			);
			defaultConfigurationIsVisible = 0;
			defaultConfigurationName = Release;
		};
		7606EAE326FDC31000F83414 /* Build configuration list for PBXNativeTarget "MovieMatcherUITests" */ = {
			isa = XCConfigurationList;
			buildConfigurations = (
				7606EAE426FDC31000F83414 /* Debug */,
				7606EAE526FDC31000F83414 /* Release */,
			);
			defaultConfigurationIsVisible = 0;
			defaultConfigurationName = Release;
		};
/* End XCConfigurationList section */

/* Begin XCVersionGroup section */
		41AC69C727033A4B003D18E1 /* MovieMatcher.xcdatamodeld */ = {
			isa = XCVersionGroup;
			children = (
				41AC69C827033A4B003D18E1 /* MediaItem.xcdatamodel */,
			);
			currentVersion = 41AC69C827033A4B003D18E1 /* MediaItem.xcdatamodel */;
			path = MovieMatcher.xcdatamodeld;
			sourceTree = "<group>";
			versionGroupType = wrapper.xcdatamodel;
		};
/* End XCVersionGroup section */
	};
	rootObject = 7606EAB026FDC30F00F83414 /* Project object */;
}
